{
  "name": "tbdutils-deploy",
  "version": "1.0.0",
  "lockfileVersion": 2,
  "requires": true,
  "packages": {
    "": {
      "name": "tbdutils-deploy",
      "version": "1.0.0",
      "license": "ISC",
      "dependencies": {
        "basic-ftp": "^4.6.6"
      }
    },
    "node_modules/basic-ftp": {
      "version": "4.6.6",
      "resolved": "https://registry.npmjs.org/basic-ftp/-/basic-ftp-4.6.6.tgz",
      "integrity": "sha512-5nTclY5mVxjeFoq9cBTzgQvcM1UfeGTd4hCCvb8AgC88wHMDQCD4UX5hZo2jaiSh96Nf+gFy1joNI9iH639bvQ==",
      "engines": {
        "node": ">=8.0.0"
      }
    }
  },
  "dependencies": {
    "basic-ftp": {
      "version": "4.6.6",
      "resolved": "https://registry.npmjs.org/basic-ftp/-/basic-ftp-4.6.6.tgz",
      "integrity": "sha512-5nTclY5mVxjeFoq9cBTzgQvcM1UfeGTd4hCCvb8AgC88wHMDQCD4UX5hZo2jaiSh96Nf+gFy1joNI9iH639bvQ=="
    }
  }
}
